// !$*UTF8*$!
{
	archiveVersion = 1;
	classes = {
	};
	objectVersion = 50;
	objects = {

/* Begin PBXBuildFile section */
		CB004D362641040A00320CCD /* ReviseViewController.swift in Sources */ = {isa = PBXBuildFile; fileRef = CB004D352641040A00320CCD /* ReviseViewController.swift */; };
		CB004D3826410B0400320CCD /* UISetting.swift in Sources */ = {isa = PBXBuildFile; fileRef = CB004D3726410B0400320CCD /* UISetting.swift */; };
		CB0539322632755F003FDF5D /* GmarketSansMedium.otf in Resources */ = {isa = PBXBuildFile; fileRef = CB0539312632755F003FDF5D /* GmarketSansMedium.otf */; };
		CB053935263287D5003FDF5D /* GmarketSansBold.otf in Resources */ = {isa = PBXBuildFile; fileRef = CB053934263287D5003FDF5D /* GmarketSansBold.otf */; };
		CB7FB2F425C13DD200A34A9F /* AppDelegate.swift in Sources */ = {isa = PBXBuildFile; fileRef = CB7FB2F325C13DD200A34A9F /* AppDelegate.swift */; };
		CB7FB2F625C13DD200A34A9F /* SceneDelegate.swift in Sources */ = {isa = PBXBuildFile; fileRef = CB7FB2F525C13DD200A34A9F /* SceneDelegate.swift */; };
		CB7FB2F825C13DD200A34A9F /* ViewController.swift in Sources */ = {isa = PBXBuildFile; fileRef = CB7FB2F725C13DD200A34A9F /* ViewController.swift */; };
		CB7FB2FB25C13DD200A34A9F /* Main.storyboard in Resources */ = {isa = PBXBuildFile; fileRef = CB7FB2F925C13DD200A34A9F /* Main.storyboard */; };
		CB7FB2FD25C13DD500A34A9F /* Assets.xcassets in Resources */ = {isa = PBXBuildFile; fileRef = CB7FB2FC25C13DD500A34A9F /* Assets.xcassets */; };
		CB7FB30025C13DD500A34A9F /* LaunchScreen.storyboard in Resources */ = {isa = PBXBuildFile; fileRef = CB7FB2FE25C13DD500A34A9F /* LaunchScreen.storyboard */; };
		CB7FB30925C2637500A34A9F /* LectureInfo.swift in Sources */ = {isa = PBXBuildFile; fileRef = CB7FB30825C2637500A34A9F /* LectureInfo.swift */; };
		CB7FB30C25C265F200A34A9F /* DetailViewController.swift in Sources */ = {isa = PBXBuildFile; fileRef = CB7FB30B25C265F200A34A9F /* DetailViewController.swift */; };
		CBD996BE26312D440067C56A /* Storage.swift in Sources */ = {isa = PBXBuildFile; fileRef = CBD996BD26312D440067C56A /* Storage.swift */; };
		CBDED97925C3C26800161E1B /* GetInfoViewController.swift in Sources */ = {isa = PBXBuildFile; fileRef = CBDED97825C3C26800161E1B /* GetInfoViewController.swift */; };
		CBDED98A25C3D51100161E1B /* CustomSegueClass.swift in Sources */ = {isa = PBXBuildFile; fileRef = CBDED98925C3D51100161E1B /* CustomSegueClass.swift */; };
/* End PBXBuildFile section */

/* Begin PBXFileReference section */
		CB004D352641040A00320CCD /* ReviseViewController.swift */ = {isa = PBXFileReference; lastKnownFileType = sourcecode.swift; path = ReviseViewController.swift; sourceTree = "<group>"; };
		CB004D3726410B0400320CCD /* UISetting.swift */ = {isa = PBXFileReference; lastKnownFileType = sourcecode.swift; path = UISetting.swift; sourceTree = "<group>"; };
		CB0539312632755F003FDF5D /* GmarketSansMedium.otf */ = {isa = PBXFileReference; lastKnownFileType = file; path = GmarketSansMedium.otf; sourceTree = "<group>"; };
		CB053934263287D5003FDF5D /* GmarketSansBold.otf */ = {isa = PBXFileReference; lastKnownFileType = file; path = GmarketSansBold.otf; sourceTree = "<group>"; };
		CB7FB2F025C13DD200A34A9F /* Wandoo_practice.app */ = {isa = PBXFileReference; explicitFileType = wrapper.application; includeInIndex = 0; path = Wandoo_practice.app; sourceTree = BUILT_PRODUCTS_DIR; };
		CB7FB2F325C13DD200A34A9F /* AppDelegate.swift */ = {isa = PBXFileReference; lastKnownFileType = sourcecode.swift; path = AppDelegate.swift; sourceTree = "<group>"; };
		CB7FB2F525C13DD200A34A9F /* SceneDelegate.swift */ = {isa = PBXFileReference; lastKnownFileType = sourcecode.swift; path = SceneDelegate.swift; sourceTree = "<group>"; };
		CB7FB2F725C13DD200A34A9F /* ViewController.swift */ = {isa = PBXFileReference; lastKnownFileType = sourcecode.swift; path = ViewController.swift; sourceTree = "<group>"; };
		CB7FB2FA25C13DD200A34A9F /* Base */ = {isa = PBXFileReference; lastKnownFileType = file.storyboard; name = Base; path = Base.lproj/Main.storyboard; sourceTree = "<group>"; };
		CB7FB2FC25C13DD500A34A9F /* Assets.xcassets */ = {isa = PBXFileReference; lastKnownFileType = folder.assetcatalog; path = Assets.xcassets; sourceTree = "<group>"; };
		CB7FB2FF25C13DD500A34A9F /* Base */ = {isa = PBXFileReference; lastKnownFileType = file.storyboard; name = Base; path = Base.lproj/LaunchScreen.storyboard; sourceTree = "<group>"; };
		CB7FB30125C13DD500A34A9F /* Info.plist */ = {isa = PBXFileReference; lastKnownFileType = text.plist.xml; path = Info.plist; sourceTree = "<group>"; };
		CB7FB30825C2637500A34A9F /* LectureInfo.swift */ = {isa = PBXFileReference; lastKnownFileType = sourcecode.swift; path = LectureInfo.swift; sourceTree = "<group>"; };
		CB7FB30B25C265F200A34A9F /* DetailViewController.swift */ = {isa = PBXFileReference; lastKnownFileType = sourcecode.swift; path = DetailViewController.swift; sourceTree = "<group>"; };
		CBD996BD26312D440067C56A /* Storage.swift */ = {isa = PBXFileReference; lastKnownFileType = sourcecode.swift; path = Storage.swift; sourceTree = "<group>"; };
		CBDED97825C3C26800161E1B /* GetInfoViewController.swift */ = {isa = PBXFileReference; lastKnownFileType = sourcecode.swift; path = GetInfoViewController.swift; sourceTree = "<group>"; };
		CBDED98925C3D51100161E1B /* CustomSegueClass.swift */ = {isa = PBXFileReference; lastKnownFileType = sourcecode.swift; path = CustomSegueClass.swift; sourceTree = "<group>"; };
/* End PBXFileReference section */

/* Begin PBXFrameworksBuildPhase section */
		CB7FB2ED25C13DD200A34A9F /* Frameworks */ = {
			isa = PBXFrameworksBuildPhase;
			buildActionMask = 2147483647;
			files = (
			);
			runOnlyForDeploymentPostprocessing = 0;
		};
/* End PBXFrameworksBuildPhase section */

/* Begin PBXGroup section */
		CB7FB2E725C13DD200A34A9F = {
			isa = PBXGroup;
			children = (
				CB7FB2F225C13DD200A34A9F /* Wandoo_practice */,
				CB7FB2F125C13DD200A34A9F /* Products */,
			);
			sourceTree = "<group>";
		};
		CB7FB2F125C13DD200A34A9F /* Products */ = {
			isa = PBXGroup;
			children = (
				CB7FB2F025C13DD200A34A9F /* Wandoo_practice.app */,
			);
			name = Products;
			sourceTree = "<group>";
		};
		CB7FB2F225C13DD200A34A9F /* Wandoo_practice */ = {
			isa = PBXGroup;
			children = (
				CB053934263287D5003FDF5D /* GmarketSansBold.otf */,
				CB0539312632755F003FDF5D /* GmarketSansMedium.otf */,
				CB004D352641040A00320CCD /* ReviseViewController.swift */,
				CB7FB30B25C265F200A34A9F /* DetailViewController.swift */,
				CB7FB2F725C13DD200A34A9F /* ViewController.swift */,
				CBDED97825C3C26800161E1B /* GetInfoViewController.swift */,
				CB7FB30825C2637500A34A9F /* LectureInfo.swift */,
				CB7FB2F925C13DD200A34A9F /* Main.storyboard */,
				CB7FB2FC25C13DD500A34A9F /* Assets.xcassets */,
				CB7FB2FE25C13DD500A34A9F /* LaunchScreen.storyboard */,
				CB7FB2F325C13DD200A34A9F /* AppDelegate.swift */,
				CB7FB2F525C13DD200A34A9F /* SceneDelegate.swift */,
				CBDED98925C3D51100161E1B /* CustomSegueClass.swift */,
				CB7FB30125C13DD500A34A9F /* Info.plist */,
				CBD996BD26312D440067C56A /* Storage.swift */,
				CB004D3726410B0400320CCD /* UISetting.swift */,
			);
			path = Wandoo_practice;
			sourceTree = "<group>";
		};
/* End PBXGroup section */

/* Begin PBXNativeTarget section */
		CB7FB2EF25C13DD200A34A9F /* Wandoo_practice */ = {
			isa = PBXNativeTarget;
			buildConfigurationList = CB7FB30425C13DD500A34A9F /* Build configuration list for PBXNativeTarget "Wandoo_practice" */;
			buildPhases = (
				CB7FB2EC25C13DD200A34A9F /* Sources */,
				CB7FB2ED25C13DD200A34A9F /* Frameworks */,
				CB7FB2EE25C13DD200A34A9F /* Resources */,
			);
			buildRules = (
			);
			dependencies = (
			);
			name = Wandoo_practice;
			productName = Wandoo_practice;
			productReference = CB7FB2F025C13DD200A34A9F /* Wandoo_practice.app */;
			productType = "com.apple.product-type.application";
		};
/* End PBXNativeTarget section */

/* Begin PBXProject section */
		CB7FB2E825C13DD200A34A9F /* Project object */ = {
			isa = PBXProject;
			attributes = {
				LastSwiftUpdateCheck = 1200;
				LastUpgradeCheck = 1200;
				TargetAttributes = {
					CB7FB2EF25C13DD200A34A9F = {
						CreatedOnToolsVersion = 12.0.1;
					};
				};
			};
			buildConfigurationList = CB7FB2EB25C13DD200A34A9F /* Build configuration list for PBXProject "Wandoo_practice" */;
			compatibilityVersion = "Xcode 9.3";
			developmentRegion = en;
			hasScannedForEncodings = 0;
			knownRegions = (
				en,
				Base,
			);
			mainGroup = CB7FB2E725C13DD200A34A9F;
			productRefGroup = CB7FB2F125C13DD200A34A9F /* Products */;
			projectDirPath = "";
			projectRoot = "";
			targets = (
				CB7FB2EF25C13DD200A34A9F /* Wandoo_practice */,
			);
		};
/* End PBXProject section */

/* Begin PBXResourcesBuildPhase section */
		CB7FB2EE25C13DD200A34A9F /* Resources */ = {
			isa = PBXResourcesBuildPhase;
			buildActionMask = 2147483647;
			files = (
				CB053935263287D5003FDF5D /* GmarketSansBold.otf in Resources */,
				CB7FB30025C13DD500A34A9F /* LaunchScreen.storyboard in Resources */,
				CB0539322632755F003FDF5D /* GmarketSansMedium.otf in Resources */,
				CB7FB2FD25C13DD500A34A9F /* Assets.xcassets in Resources */,
				CB7FB2FB25C13DD200A34A9F /* Main.storyboard in Resources */,
			);
			runOnlyForDeploymentPostprocessing = 0;
		};
/* End PBXResourcesBuildPhase section */

/* Begin PBXSourcesBuildPhase section */
		CB7FB2EC25C13DD200A34A9F /* Sources */ = {
			isa = PBXSourcesBuildPhase;
			buildActionMask = 2147483647;
			files = (
				CB7FB30925C2637500A34A9F /* LectureInfo.swift in Sources */,
				CB004D362641040A00320CCD /* ReviseViewController.swift in Sources */,
				CB7FB2F825C13DD200A34A9F /* ViewController.swift in Sources */,
				CB7FB30C25C265F200A34A9F /* DetailViewController.swift in Sources */,
				CB004D3826410B0400320CCD /* UISetting.swift in Sources */,
				CBDED98A25C3D51100161E1B /* CustomSegueClass.swift in Sources */,
				CBDED97925C3C26800161E1B /* GetInfoViewController.swift in Sources */,
				CBD996BE26312D440067C56A /* Storage.swift in Sources */,
				CB7FB2F425C13DD200A34A9F /* AppDelegate.swift in Sources */,
				CB7FB2F625C13DD200A34A9F /* SceneDelegate.swift in Sources */,
			);
			runOnlyForDeploymentPostprocessing = 0;
		};
/* End PBXSourcesBuildPhase section */

/* Begin PBXVariantGroup section */
		CB7FB2F925C13DD200A34A9F /* Main.storyboard */ = {
			isa = PBXVariantGroup;
			children = (
				CB7FB2FA25C13DD200A34A9F /* Base */,
			);
			name = Main.storyboard;
			sourceTree = "<group>";
		};
		CB7FB2FE25C13DD500A34A9F /* LaunchScreen.storyboard */ = {
			isa = PBXVariantGroup;
			children = (
				CB7FB2FF25C13DD500A34A9F /* Base */,
			);
			name = LaunchScreen.storyboard;
			sourceTree = "<group>";
		};
/* End PBXVariantGroup section */

/* Begin XCBuildConfiguration section */
		CB7FB30225C13DD500A34A9F /* Debug */ = {
			isa = XCBuildConfiguration;
			buildSettings = {
				ALWAYS_SEARCH_USER_PATHS = NO;
				CLANG_ANALYZER_NONNULL = YES;
				CLANG_ANALYZER_NUMBER_OBJECT_CONVERSION = YES_AGGRESSIVE;
				CLANG_CXX_LANGUAGE_STANDARD = "gnu++14";
				CLANG_CXX_LIBRARY = "libc++";
				CLANG_ENABLE_MODULES = YES;
				CLANG_ENABLE_OBJC_ARC = YES;
				CLANG_ENABLE_OBJC_WEAK = YES;
				CLANG_WARN_BLOCK_CAPTURE_AUTORELEASING = YES;
				CLANG_WARN_BOOL_CONVERSION = YES;
				CLANG_WARN_COMMA = YES;
				CLANG_WARN_CONSTANT_CONVERSION = YES;
				CLANG_WARN_DEPRECATED_OBJC_IMPLEMENTATIONS = YES;
				CLANG_WARN_DIRECT_OBJC_ISA_USAGE = YES_ERROR;
				CLANG_WARN_DOCUMENTATION_COMMENTS = YES;
				CLANG_WARN_EMPTY_BODY = YES;
				CLANG_WARN_ENUM_CONVERSION = YES;
				CLANG_WARN_INFINITE_RECURSION = YES;
				CLANG_WARN_INT_CONVERSION = YES;
				CLANG_WARN_NON_LITERAL_NULL_CONVERSION = YES;
				CLANG_WARN_OBJC_IMPLICIT_RETAIN_SELF = YES;
				CLANG_WARN_OBJC_LITERAL_CONVERSION = YES;
				CLANG_WARN_OBJC_ROOT_CLASS = YES_ERROR;
				CLANG_WARN_QUOTED_INCLUDE_IN_FRAMEWORK_HEADER = YES;
				CLANG_WARN_RANGE_LOOP_ANALYSIS = YES;
				CLANG_WARN_STRICT_PROTOTYPES = YES;
				CLANG_WARN_SUSPICIOUS_MOVE = YES;
				CLANG_WARN_UNGUARDED_AVAILABILITY = YES_AGGRESSIVE;
				CLANG_WARN_UNREACHABLE_CODE = YES;
				CLANG_WARN__DUPLICATE_METHOD_MATCH = YES;
				COPY_PHASE_STRIP = NO;
				DEBUG_INFORMATION_FORMAT = dwarf;
				ENABLE_STRICT_OBJC_MSGSEND = YES;
				ENABLE_TESTABILITY = YES;
				GCC_C_LANGUAGE_STANDARD = gnu11;
				GCC_DYNAMIC_NO_PIC = NO;
				GCC_NO_COMMON_BLOCKS = YES;
				GCC_OPTIMIZATION_LEVEL = 0;
				GCC_PREPROCESSOR_DEFINITIONS = (
					"DEBUG=1",
					"$(inherited)",
				);
				GCC_WARN_64_TO_32_BIT_CONVERSION = YES;
				GCC_WARN_ABOUT_RETURN_TYPE = YES_ERROR;
				GCC_WARN_UNDECLARED_SELECTOR = YES;
				GCC_WARN_UNINITIALIZED_AUTOS = YES_AGGRESSIVE;
				GCC_WARN_UNUSED_FUNCTION = YES;
				GCC_WARN_UNUSED_VARIABLE = YES;
				IPHONEOS_DEPLOYMENT_TARGET = 14.0;
				MTL_ENABLE_DEBUG_INFO = INCLUDE_SOURCE;
				MTL_FAST_MATH = YES;
				ONLY_ACTIVE_ARCH = YES;
				SDKROOT = iphoneos;
				SWIFT_ACTIVE_COMPILATION_CONDITIONS = DEBUG;
				SWIFT_OPTIMIZATION_LEVEL = "-Onone";
			};
			name = Debug;
		};
		CB7FB30325C13DD500A34A9F /* Release */ = {
			isa = XCBuildConfiguration;
			buildSettings = {
				ALWAYS_SEARCH_USER_PATHS = NO;
				CLANG_ANALYZER_NONNULL = YES;
				CLANG_ANALYZER_NUMBER_OBJECT_CONVERSION = YES_AGGRESSIVE;
				CLANG_CXX_LANGUAGE_STANDARD = "gnu++14";
				CLANG_CXX_LIBRARY = "libc++";
				CLANG_ENABLE_MODULES = YES;
				CLANG_ENABLE_OBJC_ARC = YES;
				CLANG_ENABLE_OBJC_WEAK = YES;
				CLANG_WARN_BLOCK_CAPTURE_AUTORELEASING = YES;
				CLANG_WARN_BOOL_CONVERSION = YES;
				CLANG_WARN_COMMA = YES;
				CLANG_WARN_CONSTANT_CONVERSION = YES;
				CLANG_WARN_DEPRECATED_OBJC_IMPLEMENTATIONS = YES;
				CLANG_WARN_DIRECT_OBJC_ISA_USAGE = YES_ERROR;
				CLANG_WARN_DOCUMENTATION_COMMENTS = YES;
				CLANG_WARN_EMPTY_BODY = YES;
				CLANG_WARN_ENUM_CONVERSION = YES;
				CLANG_WARN_INFINITE_RECURSION = YES;
				CLANG_WARN_INT_CONVERSION = YES;
				CLANG_WARN_NON_LITERAL_NULL_CONVERSION = YES;
				CLANG_WARN_OBJC_IMPLICIT_RETAIN_SELF = YES;
				CLANG_WARN_OBJC_LITERAL_CONVERSION = YES;
				CLANG_WARN_OBJC_ROOT_CLASS = YES_ERROR;
				CLANG_WARN_QUOTED_INCLUDE_IN_FRAMEWORK_HEADER = YES;
				CLANG_WARN_RANGE_LOOP_ANALYSIS = YES;
				CLANG_WARN_STRICT_PROTOTYPES = YES;
				CLANG_WARN_SUSPICIOUS_MOVE = YES;
				CLANG_WARN_UNGUARDED_AVAILABILITY = YES_AGGRESSIVE;
				CLANG_WARN_UNREACHABLE_CODE = YES;
				CLANG_WARN__DUPLICATE_METHOD_MATCH = YES;
				COPY_PHASE_STRIP = NO;
				DEBUG_INFORMATION_FORMAT = "dwarf-with-dsym";
				ENABLE_NS_ASSERTIONS = NO;
				ENABLE_STRICT_OBJC_MSGSEND = YES;
				GCC_C_LANGUAGE_STANDARD = gnu11;
				GCC_NO_COMMON_BLOCKS = YES;
				GCC_WARN_64_TO_32_BIT_CONVERSION = YES;
				GCC_WARN_ABOUT_RETURN_TYPE = YES_ERROR;
				GCC_WARN_UNDECLARED_SELECTOR = YES;
				GCC_WARN_UNINITIALIZED_AUTOS = YES_AGGRESSIVE;
				GCC_WARN_UNUSED_FUNCTION = YES;
				GCC_WARN_UNUSED_VARIABLE = YES;
				IPHONEOS_DEPLOYMENT_TARGET = 14.0;
				MTL_ENABLE_DEBUG_INFO = NO;
				MTL_FAST_MATH = YES;
				SDKROOT = iphoneos;
				SWIFT_COMPILATION_MODE = wholemodule;
				SWIFT_OPTIMIZATION_LEVEL = "-O";
				VALIDATE_PRODUCT = YES;
			};
			name = Release;
		};
		CB7FB30525C13DD500A34A9F /* Debug */ = {
			isa = XCBuildConfiguration;
			buildSettings = {
				ASSETCATALOG_COMPILER_APPICON_NAME = AppIcon;
				ASSETCATALOG_COMPILER_GLOBAL_ACCENT_COLOR_NAME = AccentColor;
				CODE_SIGN_STYLE = Automatic;
				DEVELOPMENT_TEAM = MYR6MP3VKX;
				INFOPLIST_FILE = Wandoo_practice/Info.plist;
				LD_RUNPATH_SEARCH_PATHS = (
					"$(inherited)",
					"@executable_path/Frameworks",
				);
				PRODUCT_BUNDLE_IDENTIFIER = "com.linda.Wandoo-practice";
				PRODUCT_NAME = "$(TARGET_NAME)";
				SWIFT_VERSION = 5.0;
				TARGETED_DEVICE_FAMILY = "1,2";
			};
			name = Debug;
		};
		CB7FB30625C13DD500A34A9F /* Release */ = {
			isa = XCBuildConfiguration;
			buildSettings = {
				ASSETCATALOG_COMPILER_APPICON_NAME = AppIcon;
				ASSETCATALOG_COMPILER_GLOBAL_ACCENT_COLOR_NAME = AccentColor;
				CODE_SIGN_STYLE = Automatic;
				DEVELOPMENT_TEAM = MYR6MP3VKX;
				INFOPLIST_FILE = Wandoo_practice/Info.plist;
				LD_RUNPATH_SEARCH_PATHS = (
					"$(inherited)",
					"@executable_path/Frameworks",
				);
				PRODUCT_BUNDLE_IDENTIFIER = "com.linda.Wandoo-practice";
				PRODUCT_NAME = "$(TARGET_NAME)";
				SWIFT_VERSION = 5.0;
				TARGETED_DEVICE_FAMILY = "1,2";
			};
			name = Release;
		};
/* End XCBuildConfiguration section */

/* Begin XCConfigurationList section */
		CB7FB2EB25C13DD200A34A9F /* Build configuration list for PBXProject "Wandoo_practice" */ = {
			isa = XCConfigurationList;
			buildConfigurations = (
				CB7FB30225C13DD500A34A9F /* Debug */,
				CB7FB30325C13DD500A34A9F /* Release */,
			);
			defaultConfigurationIsVisible = 0;
			defaultConfigurationName = Release;
		};
		CB7FB30425C13DD500A34A9F /* Build configuration list for PBXNativeTarget "Wandoo_practice" */ = {
			isa = XCConfigurationList;
			buildConfigurations = (
				CB7FB30525C13DD500A34A9F /* Debug */,
				CB7FB30625C13DD500A34A9F /* Release */,
			);
			defaultConfigurationIsVisible = 0;
			defaultConfigurationName = Release;
		};
/* End XCConfigurationList section */
	};
	rootObject = CB7FB2E825C13DD200A34A9F /* Project object */;
}
